<Solution>
  <Folder Name="/Account/">
    <Project Path="AccountServices/AccountServices.csproj" Id="2d3d8f6a-32fe-47ab-a331-ea817d4d9841" />
  </Folder>
  <Folder Name="/APIGateWay/">
    <Project Path="YarpApiGateWay/YarpApiGateWay.csproj" Id="0c66585a-d4a7-4371-8b82-4cbf14847748" />
  </Folder>
  <Folder Name="/CustomerProfile/">
    <Project Path="CustomerProfile/src/CustomerProfile.API/CustomerAPI.csproj" />
  </Folder>
  <Folder Name="/gRPC/">
    <Project Path="gRPC/Contracts/SharedGrpcContracts.csproj" />
  </Folder>
  <Folder Name="/TransactionService/">
    <Project Path="TransactionService/TransactionService.csproj" Id="dd51a1a0-eac7-43e2-8425-898aa08afafe" />
  </Folder>
</Solution>
