
Microsoft Visual Studio Solution File, Format Version 12.00
# Visual Studio Version 17
VisualStudioVersion = 17.14.36301.6
MinimumVisualStudioVersion = 10.0.40219.1
Project("{FAE04EC0-301F-11D3-BF4B-00C04F79EFBC}") = "src", "src\src.csproj", "{F4D6EE40-8F72-4065-A661-F8BA09937E2A}"
EndProject
Project("{FAE04EC0-301F-11D3-BF4B-00C04F79EFBC}") = "TestProject1", "tests\TestProject1\TestProject1.csproj", "{B1E9DD73-B629-41AB-84F3-E3793BBFAF20}"
EndProject
Global
	GlobalSection(SolutionConfigurationPlatforms) = preSolution
		Debug|Any CPU = Debug|Any CPU
		Release|Any CPU = Release|Any CPU
	EndGlobalSection
	GlobalSection(ProjectConfigurationPlatforms) = postSolution
		{F4D6EE40-8F72-4065-A661-F8BA09937E2A}.Debug|Any CPU.ActiveCfg = Debug|Any CPU
		{F4D6EE40-8F72-4065-A661-F8BA09937E2A}.Debug|Any CPU.Build.0 = Debug|Any CPU
		{F4D6EE40-8F72-4065-A661-F8BA09937E2A}.Release|Any CPU.ActiveCfg = Release|Any CPU
		{F4D6EE40-8F72-4065-A661-F8BA09937E2A}.Release|Any CPU.Build.0 = Release|Any CPU
		{B1E9DD73-B629-41AB-84F3-E3793BBFAF20}.Debug|Any CPU.ActiveCfg = Debug|Any CPU
		{B1E9DD73-B629-41AB-84F3-E3793BBFAF20}.Debug|Any CPU.Build.0 = Debug|Any CPU
		{B1E9DD73-B629-41AB-84F3-E3793BBFAF20}.Release|Any CPU.ActiveCfg = Release|Any CPU
		{B1E9DD73-B629-41AB-84F3-E3793BBFAF20}.Release|Any CPU.Build.0 = Release|Any CPU
	EndGlobalSection
	GlobalSection(SolutionProperties) = preSolution
		HideSolutionNode = FALSE
	EndGlobalSection
	GlobalSection(ExtensibilityGlobals) = postSolution
		SolutionGuid = {D7DAEDA0-77B6-4CD3-9F6A-76751FADE682}
	EndGlobalSection
EndGlobal
