
Microsoft Visual Studio Solution File, Format Version 12.00
# Visual Studio Version 17
VisualStudioVersion = 17.14.36301.6
MinimumVisualStudioVersion = 10.0.40219.1
Project("{FAE04EC0-301F-11D3-BF4B-00C04F79EFBC}") = "UserProfile.API", "src\UserProfile.API.csproj", "{F4D6EE40-8F72-4065-A661-F8BA09937E2A}"
EndProject
Project("{2150E333-8FDC-42A3-9474-1A3956D46DE8}") = "src", "src", "{02EA681E-C7D8-13C7-8484-4AC65E1B71E8}"
EndProject
Project("{2150E333-8FDC-42A3-9474-1A3956D46DE8}") = "tests", "tests", "{31AEDB31-DE78-4EDD-8919-34023D1197DB}"
EndProject
Project("{FAE04EC0-301F-11D3-BF4B-00C04F79EFBC}") = "TestProject1", "tests\TestProject1\TestProject1.csproj", "{6DD9F804-7184-4BF8-9F03-45BA5F142103}"
EndProject
Global
	GlobalSection(SolutionConfigurationPlatforms) = preSolution
		Debug|Any CPU = Debug|Any CPU
		Release|Any CPU = Release|Any CPU
	EndGlobalSection
	GlobalSection(ProjectConfigurationPlatforms) = postSolution
		{F4D6EE40-8F72-4065-A661-F8BA09937E2A}.Debug|Any CPU.ActiveCfg = Debug|Any CPU
		{F4D6EE40-8F72-4065-A661-F8BA09937E2A}.Debug|Any CPU.Build.0 = Debug|Any CPU
		{F4D6EE40-8F72-4065-A661-F8BA09937E2A}.Release|Any CPU.ActiveCfg = Release|Any CPU
		{F4D6EE40-8F72-4065-A661-F8BA09937E2A}.Release|Any CPU.Build.0 = Release|Any CPU
		{6DD9F804-7184-4BF8-9F03-45BA5F142103}.Debug|Any CPU.ActiveCfg = Debug|Any CPU
		{6DD9F804-7184-4BF8-9F03-45BA5F142103}.Debug|Any CPU.Build.0 = Debug|Any CPU
		{6DD9F804-7184-4BF8-9F03-45BA5F142103}.Release|Any CPU.ActiveCfg = Release|Any CPU
		{6DD9F804-7184-4BF8-9F03-45BA5F142103}.Release|Any CPU.Build.0 = Release|Any CPU
	EndGlobalSection
	GlobalSection(SolutionProperties) = preSolution
		HideSolutionNode = FALSE
	EndGlobalSection
	GlobalSection(NestedProjects) = preSolution
		{F4D6EE40-8F72-4065-A661-F8BA09937E2A} = {02EA681E-C7D8-13C7-8484-4AC65E1B71E8}
		{6DD9F804-7184-4BF8-9F03-45BA5F142103} = {31AEDB31-DE78-4EDD-8919-34023D1197DB}
	EndGlobalSection
	GlobalSection(ExtensibilityGlobals) = postSolution
		SolutionGuid = {D7DAEDA0-77B6-4CD3-9F6A-76751FADE682}
	EndGlobalSection
EndGlobal
